{
    "_readme": [
        "This file locks the dependencies of your project to a known state",
        "Read more about it at http://getcomposer.org/doc/01-basic-usage.md#composer-lock-the-lock-file"
    ],
    "hash": "30e97da975d79fe12c98e6b6a48dac9d",
    "packages": [
        {
            "name": "jms/metadata",
            "version": "1.1.1",
            "source": {
                "type": "git",
                "url": "https://github.com/schmittjoh/metadata",
                "reference": "1.1.1"
            },
            "dist": {
                "type": "zip",
                "url": "https://github.com/schmittjoh/metadata/zipball/1.1.1",
                "reference": "1.1.1",
                "shasum": ""
            },
            "require": {
                "php": ">=5.3.0"
            },
            "type": "library",
            "autoload": {
                "psr-0": {
                    "Metadata\\": "src/"
                }
            },
            "notification-url": "https://packagist.org/downloads/",
            "license": [
                "Apache"
            ],
            "authors": [
                {
                    "name": "Johannes M. Schmitt",
                    "email": "schmittjoh@gmail.com",
                    "homepage": "https://github.com/schmittjoh",
                    "role": "Developer of wrapped JMSSerializerBundle"
                }
            ],
            "description": "Class/method/property metadata management in PHP",
            "keywords": [
                "annotations",
                "metadata",
                "xml",
                "yaml"
            ],
            "time": "2012-01-02 13:32:49"
        },
        {
            "name": "jms/serializer-bundle",
            "version": "0.9.0",
            "target-dir": "JMS/SerializerBundle",
            "source": {
                "type": "git",
                "url": "https://github.com/schmittjoh/JMSSerializerBundle.git",
                "reference": "0.9.0"
            },
            "dist": {
                "type": "zip",
                "url": "https://github.com/schmittjoh/JMSSerializerBundle/zipball/0.9.0",
                "reference": "0.9.0",
                "shasum": ""
            },
            "require": {
                "jms/metadata": ">=1.1.0,<1.3-dev",
                "php": ">=5.3.2"
            },
            "require-dev": {
                "doctrine/orm": ">=2.1,<2.4-dev",
                "symfony/form": ">=2.0,<2.2-dev",
                "symfony/framework-bundle": ">=2.0,<2.2-dev",
                "symfony/validator": ">=2.0,<2.2-dev",
                "symfony/yaml": ">=2.0,<2.2-dev",
                "twig/twig": ">=1.8,<2.0-dev"
            },
            "type": "symfony-bundle",
            "extra": {
                "branch-alias": {
                    "dev-master": "0.9.x-dev"
                }
            },
            "autoload": {
                "psr-0": {
                    "JMS\\SerializerBundle": ""
                }
            },
            "notification-url": "https://packagist.org/downloads/",
            "license": [
                "Apache2"
            ],
            "authors": [
                {
                    "name": "Johannes M. Schmitt",
                    "email": "schmittjoh@gmail.com",
                    "homepage": "https://github.com/schmittjoh",
                    "role": "Developer of wrapped JMSSerializerBundle"
                }
            ],
            "description": "Allows you to easily serialize, and deserialize object graphs of any complexity",
            "homepage": "http://jmsyst.com/bundles/JMSSerializerBundle",
            "keywords": [
                "deserialization",
                "jaxb",
                "json",
                "serialization",
                "xml"
            ],
            "time": "2012-09-20 14:23:52"
        }
    ],
    "packages-dev": [

    ],
    "aliases": [

    ],
    "minimum-stability": "stable",
    "stability-flags": [

    ],
    "platform": {
        "php": ">=5.3.2"
    },
    "platform-dev": [

    ]
}
